
Microsoft Visual Studio Solution File, Format Version 12.00
# Visual Studio Version 17
VisualStudioVersion = 17.12.35527.113 d17.12
MinimumVisualStudioVersion = 10.0.40219.1
Project("{FAE04EC0-301F-11D3-BF4B-00C04F79EFBC}") = "LeadTrackApi", "LeadTrackApi\LeadTrackApi.csproj", "{510F9861-C440-465E-82B4-F48EAEF663E4}"
EndProject
Project("{2150E333-8FDC-42A3-9474-1A3956D46DE8}") = "Test", "Test", "{DDA6EDAD-4E1E-4A53-BBAA-7C5E6C91329D}"
EndProject
Project("{FAE04EC0-301F-11D3-BF4B-00C04F79EFBC}") = "LeadTrackTest", "LeadTrackTest\LeadTrackTest.csproj", "{7C2B8E9B-2676-423A-BAD3-3BC33DDA7226}"
EndProject
Global
	GlobalSection(SolutionConfigurationPlatforms) = preSolution
		Debug|Any CPU = Debug|Any CPU
		Release|Any CPU = Release|Any CPU
	EndGlobalSection
	GlobalSection(ProjectConfigurationPlatforms) = postSolution
		{510F9861-C440-465E-82B4-F48EAEF663E4}.Debug|Any CPU.ActiveCfg = Debug|Any CPU
		{510F9861-C440-465E-82B4-F48EAEF663E4}.Debug|Any CPU.Build.0 = Debug|Any CPU
		{510F9861-C440-465E-82B4-F48EAEF663E4}.Release|Any CPU.ActiveCfg = Release|Any CPU
		{510F9861-C440-465E-82B4-F48EAEF663E4}.Release|Any CPU.Build.0 = Release|Any CPU
		{7C2B8E9B-2676-423A-BAD3-3BC33DDA7226}.Debug|Any CPU.ActiveCfg = Debug|Any CPU
		{7C2B8E9B-2676-423A-BAD3-3BC33DDA7226}.Debug|Any CPU.Build.0 = Debug|Any CPU
		{7C2B8E9B-2676-423A-BAD3-3BC33DDA7226}.Release|Any CPU.ActiveCfg = Release|Any CPU
		{7C2B8E9B-2676-423A-BAD3-3BC33DDA7226}.Release|Any CPU.Build.0 = Release|Any CPU
	EndGlobalSection
	GlobalSection(SolutionProperties) = preSolution
		HideSolutionNode = FALSE
	EndGlobalSection
	GlobalSection(NestedProjects) = preSolution
		{7C2B8E9B-2676-423A-BAD3-3BC33DDA7226} = {DDA6EDAD-4E1E-4A53-BBAA-7C5E6C91329D}
	EndGlobalSection
EndGlobal
